// !$*UTF8*$!
{
	archiveVersion = 1;
	classes = {
	};
	objectVersion = 56;
	objects = {

/* Begin PBXBuildFile section */
		3A26FABB2BC6A1D70055AAC1 /* AppDelegate.swift in Sources */ = {isa = PBXBuildFile; fileRef = 3A26FABA2BC6A1D70055AAC1 /* AppDelegate.swift */; };
		3A26FABD2BC6A1D70055AAC1 /* SceneDelegate.swift in Sources */ = {isa = PBXBuildFile; fileRef = 3A26FABC2BC6A1D70055AAC1 /* SceneDelegate.swift */; };
		3A26FABF2BC6A1D70055AAC1 /* FirstVC.swift in Sources */ = {isa = PBXBuildFile; fileRef = 3A26FABE2BC6A1D70055AAC1 /* FirstVC.swift */; };
		3A26FAC42BC6A1E00055AAC1 /* Assets.xcassets in Resources */ = {isa = PBXBuildFile; fileRef = 3A26FAC32BC6A1E00055AAC1 /* Assets.xcassets */; };
		3A26FAC72BC6A1E00055AAC1 /* LaunchScreen.storyboard in Resources */ = {isa = PBXBuildFile; fileRef = 3A26FAC52BC6A1E00055AAC1 /* LaunchScreen.storyboard */; };
		3A7128CE2BC712A40082466A /* PolarVC.swift in Sources */ = {isa = PBXBuildFile; fileRef = 3A7128CD2BC712A40082466A /* PolarVC.swift */; };
		3A7128D22BC720C10082466A /* Zodiac.swift in Sources */ = {isa = PBXBuildFile; fileRef = 3A7128D12BC720C10082466A /* Zodiac.swift */; };
		3ABF36882BC6D4A20042294A /* DescriptionVC.swift in Sources */ = {isa = PBXBuildFile; fileRef = 3ABF36872BC6D4A20042294A /* DescriptionVC.swift */; };
/* End PBXBuildFile section */

/* Begin PBXFileReference section */
		3A26FAB72BC6A1D70055AAC1 /* Homework 15.app */ = {isa = PBXFileReference; explicitFileType = wrapper.application; includeInIndex = 0; path = "Homework 15.app"; sourceTree = BUILT_PRODUCTS_DIR; };
		3A26FABA2BC6A1D70055AAC1 /* AppDelegate.swift */ = {isa = PBXFileReference; lastKnownFileType = sourcecode.swift; path = AppDelegate.swift; sourceTree = "<group>"; };
		3A26FABC2BC6A1D70055AAC1 /* SceneDelegate.swift */ = {isa = PBXFileReference; lastKnownFileType = sourcecode.swift; path = SceneDelegate.swift; sourceTree = "<group>"; };
		3A26FABE2BC6A1D70055AAC1 /* FirstVC.swift */ = {isa = PBXFileReference; lastKnownFileType = sourcecode.swift; path = FirstVC.swift; sourceTree = "<group>"; };
		3A26FAC32BC6A1E00055AAC1 /* Assets.xcassets */ = {isa = PBXFileReference; lastKnownFileType = folder.assetcatalog; path = Assets.xcassets; sourceTree = "<group>"; };
		3A26FAC62BC6A1E00055AAC1 /* Base */ = {isa = PBXFileReference; lastKnownFileType = file.storyboard; name = Base; path = Base.lproj/LaunchScreen.storyboard; sourceTree = "<group>"; };
		3A26FAC82BC6A1E00055AAC1 /* Info.plist */ = {isa = PBXFileReference; lastKnownFileType = text.plist.xml; path = Info.plist; sourceTree = "<group>"; };
		3A7128CD2BC712A40082466A /* PolarVC.swift */ = {isa = PBXFileReference; lastKnownFileType = sourcecode.swift; path = PolarVC.swift; sourceTree = "<group>"; };
		3A7128D12BC720C10082466A /* Zodiac.swift */ = {isa = PBXFileReference; lastKnownFileType = sourcecode.swift; path = Zodiac.swift; sourceTree = "<group>"; };
		3ABF36872BC6D4A20042294A /* DescriptionVC.swift */ = {isa = PBXFileReference; lastKnownFileType = sourcecode.swift; path = DescriptionVC.swift; sourceTree = "<group>"; };
/* End PBXFileReference section */

/* Begin PBXFrameworksBuildPhase section */
		3A26FAB42BC6A1D70055AAC1 /* Frameworks */ = {
			isa = PBXFrameworksBuildPhase;
			buildActionMask = 2147483647;
			files = (
			);
			runOnlyForDeploymentPostprocessing = 0;
		};
/* End PBXFrameworksBuildPhase section */

/* Begin PBXGroup section */
		3A26FAAE2BC6A1D70055AAC1 = {
			isa = PBXGroup;
			children = (
				3A26FAB92BC6A1D70055AAC1 /* Homework 15 */,
				3A26FAB82BC6A1D70055AAC1 /* Products */,
			);
			sourceTree = "<group>";
		};
		3A26FAB82BC6A1D70055AAC1 /* Products */ = {
			isa = PBXGroup;
			children = (
				3A26FAB72BC6A1D70055AAC1 /* Homework 15.app */,
			);
			name = Products;
			sourceTree = "<group>";
		};
		3A26FAB92BC6A1D70055AAC1 /* Homework 15 */ = {
			isa = PBXGroup;
			children = (
				3A7128D02BC7208E0082466A /* Methods */,
				3A7128CF2BC720640082466A /* ViewControllers */,
				3A26FABA2BC6A1D70055AAC1 /* AppDelegate.swift */,
				3A26FABC2BC6A1D70055AAC1 /* SceneDelegate.swift */,
				3A26FAC32BC6A1E00055AAC1 /* Assets.xcassets */,
				3A26FAC52BC6A1E00055AAC1 /* LaunchScreen.storyboard */,
				3A26FAC82BC6A1E00055AAC1 /* Info.plist */,
			);
			path = "Homework 15";
			sourceTree = "<group>";
		};
		3A7128CF2BC720640082466A /* ViewControllers */ = {
			isa = PBXGroup;
			children = (
				3A26FABE2BC6A1D70055AAC1 /* FirstVC.swift */,
				3ABF36872BC6D4A20042294A /* DescriptionVC.swift */,
				3A7128CD2BC712A40082466A /* PolarVC.swift */,
			);
			path = ViewControllers;
			sourceTree = "<group>";
		};
		3A7128D02BC7208E0082466A /* Methods */ = {
			isa = PBXGroup;
			children = (
				3A7128D12BC720C10082466A /* Zodiac.swift */,
			);
			path = Methods;
			sourceTree = "<group>";
		};
/* End PBXGroup section */

/* Begin PBXNativeTarget section */
		3A26FAB62BC6A1D70055AAC1 /* Homework 15 */ = {
			isa = PBXNativeTarget;
			buildConfigurationList = 3A26FACB2BC6A1E00055AAC1 /* Build configuration list for PBXNativeTarget "Homework 15" */;
			buildPhases = (
				3A26FAB32BC6A1D70055AAC1 /* Sources */,
				3A26FAB42BC6A1D70055AAC1 /* Frameworks */,
				3A26FAB52BC6A1D70055AAC1 /* Resources */,
			);
			buildRules = (
			);
			dependencies = (
			);
			name = "Homework 15";
			productName = "Homework 15";
			productReference = 3A26FAB72BC6A1D70055AAC1 /* Homework 15.app */;
			productType = "com.apple.product-type.application";
		};
/* End PBXNativeTarget section */

/* Begin PBXProject section */
		3A26FAAF2BC6A1D70055AAC1 /* Project object */ = {
			isa = PBXProject;
			attributes = {
				BuildIndependentTargetsInParallel = 1;
				LastSwiftUpdateCheck = 1420;
				LastUpgradeCheck = 1420;
				TargetAttributes = {
					3A26FAB62BC6A1D70055AAC1 = {
						CreatedOnToolsVersion = 14.2;
					};
				};
			};
			buildConfigurationList = 3A26FAB22BC6A1D70055AAC1 /* Build configuration list for PBXProject "Homework 15" */;
			compatibilityVersion = "Xcode 14.0";
			developmentRegion = en;
			hasScannedForEncodings = 0;
			knownRegions = (
				en,
				Base,
			);
			mainGroup = 3A26FAAE2BC6A1D70055AAC1;
			productRefGroup = 3A26FAB82BC6A1D70055AAC1 /* Products */;
			projectDirPath = "";
			projectRoot = "";
			targets = (
				3A26FAB62BC6A1D70055AAC1 /* Homework 15 */,
			);
		};
/* End PBXProject section */

/* Begin PBXResourcesBuildPhase section */
		3A26FAB52BC6A1D70055AAC1 /* Resources */ = {
			isa = PBXResourcesBuildPhase;
			buildActionMask = 2147483647;
			files = (
				3A26FAC72BC6A1E00055AAC1 /* LaunchScreen.storyboard in Resources */,
				3A26FAC42BC6A1E00055AAC1 /* Assets.xcassets in Resources */,
			);
			runOnlyForDeploymentPostprocessing = 0;
		};
/* End PBXResourcesBuildPhase section */

/* Begin PBXSourcesBuildPhase section */
		3A26FAB32BC6A1D70055AAC1 /* Sources */ = {
			isa = PBXSourcesBuildPhase;
			buildActionMask = 2147483647;
			files = (
				3A26FABF2BC6A1D70055AAC1 /* FirstVC.swift in Sources */,
				3A26FABB2BC6A1D70055AAC1 /* AppDelegate.swift in Sources */,
				3A26FABD2BC6A1D70055AAC1 /* SceneDelegate.swift in Sources */,
				3A7128CE2BC712A40082466A /* PolarVC.swift in Sources */,
				3ABF36882BC6D4A20042294A /* DescriptionVC.swift in Sources */,
				3A7128D22BC720C10082466A /* Zodiac.swift in Sources */,
			);
			runOnlyForDeploymentPostprocessing = 0;
		};
/* End PBXSourcesBuildPhase section */

/* Begin PBXVariantGroup section */
		3A26FAC52BC6A1E00055AAC1 /* LaunchScreen.storyboard */ = {
			isa = PBXVariantGroup;
			children = (
				3A26FAC62BC6A1E00055AAC1 /* Base */,
			);
			name = LaunchScreen.storyboard;
			sourceTree = "<group>";
		};
/* End PBXVariantGroup section */

/* Begin XCBuildConfiguration section */
		3A26FAC92BC6A1E00055AAC1 /* Debug */ = {
			isa = XCBuildConfiguration;
			buildSettings = {
				ALWAYS_SEARCH_USER_PATHS = NO;
				CLANG_ANALYZER_NONNULL = YES;
				CLANG_ANALYZER_NUMBER_OBJECT_CONVERSION = YES_AGGRESSIVE;
				CLANG_CXX_LANGUAGE_STANDARD = "gnu++20";
				CLANG_ENABLE_MODULES = YES;
				CLANG_ENABLE_OBJC_ARC = YES;
				CLANG_ENABLE_OBJC_WEAK = YES;
				CLANG_WARN_BLOCK_CAPTURE_AUTORELEASING = YES;
				CLANG_WARN_BOOL_CONVERSION = YES;
				CLANG_WARN_COMMA = YES;
				CLANG_WARN_CONSTANT_CONVERSION = YES;
				CLANG_WARN_DEPRECATED_OBJC_IMPLEMENTATIONS = YES;
				CLANG_WARN_DIRECT_OBJC_ISA_USAGE = YES_ERROR;
				CLANG_WARN_DOCUMENTATION_COMMENTS = YES;
				CLANG_WARN_EMPTY_BODY = YES;
				CLANG_WARN_ENUM_CONVERSION = YES;
				CLANG_WARN_INFINITE_RECURSION = YES;
				CLANG_WARN_INT_CONVERSION = YES;
				CLANG_WARN_NON_LITERAL_NULL_CONVERSION = YES;
				CLANG_WARN_OBJC_IMPLICIT_RETAIN_SELF = YES;
				CLANG_WARN_OBJC_LITERAL_CONVERSION = YES;
				CLANG_WARN_OBJC_ROOT_CLASS = YES_ERROR;
				CLANG_WARN_QUOTED_INCLUDE_IN_FRAMEWORK_HEADER = YES;
				CLANG_WARN_RANGE_LOOP_ANALYSIS = YES;
				CLANG_WARN_STRICT_PROTOTYPES = YES;
				CLANG_WARN_SUSPICIOUS_MOVE = YES;
				CLANG_WARN_UNGUARDED_AVAILABILITY = YES_AGGRESSIVE;
				CLANG_WARN_UNREACHABLE_CODE = YES;
				CLANG_WARN__DUPLICATE_METHOD_MATCH = YES;
				COPY_PHASE_STRIP = NO;
				DEBUG_INFORMATION_FORMAT = dwarf;
				ENABLE_STRICT_OBJC_MSGSEND = YES;
				ENABLE_TESTABILITY = YES;
				GCC_C_LANGUAGE_STANDARD = gnu11;
				GCC_DYNAMIC_NO_PIC = NO;
				GCC_NO_COMMON_BLOCKS = YES;
				GCC_OPTIMIZATION_LEVEL = 0;
				GCC_PREPROCESSOR_DEFINITIONS = (
					"DEBUG=1",
					"$(inherited)",
				);
				GCC_WARN_64_TO_32_BIT_CONVERSION = YES;
				GCC_WARN_ABOUT_RETURN_TYPE = YES_ERROR;
				GCC_WARN_UNDECLARED_SELECTOR = YES;
				GCC_WARN_UNINITIALIZED_AUTOS = YES_AGGRESSIVE;
				GCC_WARN_UNUSED_FUNCTION = YES;
				GCC_WARN_UNUSED_VARIABLE = YES;
				IPHONEOS_DEPLOYMENT_TARGET = 16.2;
				MTL_ENABLE_DEBUG_INFO = INCLUDE_SOURCE;
				MTL_FAST_MATH = YES;
				ONLY_ACTIVE_ARCH = YES;
				SDKROOT = iphoneos;
				SWIFT_ACTIVE_COMPILATION_CONDITIONS = DEBUG;
				SWIFT_OPTIMIZATION_LEVEL = "-Onone";
			};
			name = Debug;
		};
		3A26FACA2BC6A1E00055AAC1 /* Release */ = {
			isa = XCBuildConfiguration;
			buildSettings = {
				ALWAYS_SEARCH_USER_PATHS = NO;
				CLANG_ANALYZER_NONNULL = YES;
				CLANG_ANALYZER_NUMBER_OBJECT_CONVERSION = YES_AGGRESSIVE;
				CLANG_CXX_LANGUAGE_STANDARD = "gnu++20";
				CLANG_ENABLE_MODULES = YES;
				CLANG_ENABLE_OBJC_ARC = YES;
				CLANG_ENABLE_OBJC_WEAK = YES;
				CLANG_WARN_BLOCK_CAPTURE_AUTORELEASING = YES;
				CLANG_WARN_BOOL_CONVERSION = YES;
				CLANG_WARN_COMMA = YES;
				CLANG_WARN_CONSTANT_CONVERSION = YES;
				CLANG_WARN_DEPRECATED_OBJC_IMPLEMENTATIONS = YES;
				CLANG_WARN_DIRECT_OBJC_ISA_USAGE = YES_ERROR;
				CLANG_WARN_DOCUMENTATION_COMMENTS = YES;
				CLANG_WARN_EMPTY_BODY = YES;
				CLANG_WARN_ENUM_CONVERSION = YES;
				CLANG_WARN_INFINITE_RECURSION = YES;
				CLANG_WARN_INT_CONVERSION = YES;
				CLANG_WARN_NON_LITERAL_NULL_CONVERSION = YES;
				CLANG_WARN_OBJC_IMPLICIT_RETAIN_SELF = YES;
				CLANG_WARN_OBJC_LITERAL_CONVERSION = YES;
				CLANG_WARN_OBJC_ROOT_CLASS = YES_ERROR;
				CLANG_WARN_QUOTED_INCLUDE_IN_FRAMEWORK_HEADER = YES;
				CLANG_WARN_RANGE_LOOP_ANALYSIS = YES;
				CLANG_WARN_STRICT_PROTOTYPES = YES;
				CLANG_WARN_SUSPICIOUS_MOVE = YES;
				CLANG_WARN_UNGUARDED_AVAILABILITY = YES_AGGRESSIVE;
				CLANG_WARN_UNREACHABLE_CODE = YES;
				CLANG_WARN__DUPLICATE_METHOD_MATCH = YES;
				COPY_PHASE_STRIP = NO;
				DEBUG_INFORMATION_FORMAT = "dwarf-with-dsym";
				ENABLE_NS_ASSERTIONS = NO;
				ENABLE_STRICT_OBJC_MSGSEND = YES;
				GCC_C_LANGUAGE_STANDARD = gnu11;
				GCC_NO_COMMON_BLOCKS = YES;
				GCC_WARN_64_TO_32_BIT_CONVERSION = YES;
				GCC_WARN_ABOUT_RETURN_TYPE = YES_ERROR;
				GCC_WARN_UNDECLARED_SELECTOR = YES;
				GCC_WARN_UNINITIALIZED_AUTOS = YES_AGGRESSIVE;
				GCC_WARN_UNUSED_FUNCTION = YES;
				GCC_WARN_UNUSED_VARIABLE = YES;
				IPHONEOS_DEPLOYMENT_TARGET = 16.2;
				MTL_ENABLE_DEBUG_INFO = NO;
				MTL_FAST_MATH = YES;
				SDKROOT = iphoneos;
				SWIFT_COMPILATION_MODE = wholemodule;
				SWIFT_OPTIMIZATION_LEVEL = "-O";
				VALIDATE_PRODUCT = YES;
			};
			name = Release;
		};
		3A26FACC2BC6A1E00055AAC1 /* Debug */ = {
			isa = XCBuildConfiguration;
			buildSettings = {
				ASSETCATALOG_COMPILER_APPICON_NAME = AppIcon;
				ASSETCATALOG_COMPILER_GLOBAL_ACCENT_COLOR_NAME = AccentColor;
				CODE_SIGN_STYLE = Automatic;
				CURRENT_PROJECT_VERSION = 1;
				DEVELOPMENT_TEAM = Q2N9JMQ98Q;
				GENERATE_INFOPLIST_FILE = YES;
				INFOPLIST_FILE = "Homework 15/Info.plist";
				INFOPLIST_KEY_UIApplicationSupportsIndirectInputEvents = YES;
				INFOPLIST_KEY_UILaunchStoryboardName = LaunchScreen;
				INFOPLIST_KEY_UISupportedInterfaceOrientations_iPad = "UIInterfaceOrientationPortrait UIInterfaceOrientationPortraitUpsideDown UIInterfaceOrientationLandscapeLeft UIInterfaceOrientationLandscapeRight";
				INFOPLIST_KEY_UISupportedInterfaceOrientations_iPhone = "UIInterfaceOrientationPortrait UIInterfaceOrientationLandscapeLeft UIInterfaceOrientationLandscapeRight";
				LD_RUNPATH_SEARCH_PATHS = (
					"$(inherited)",
					"@executable_path/Frameworks",
				);
				MARKETING_VERSION = 1.0;
				PRODUCT_BUNDLE_IDENTIFIER = "-.Homework-15";
				PRODUCT_NAME = "$(TARGET_NAME)";
				SWIFT_EMIT_LOC_STRINGS = YES;
				SWIFT_VERSION = 5.0;
				TARGETED_DEVICE_FAMILY = "1,2";
			};
			name = Debug;
		};
		3A26FACD2BC6A1E00055AAC1 /* Release */ = {
			isa = XCBuildConfiguration;
			buildSettings = {
				ASSETCATALOG_COMPILER_APPICON_NAME = AppIcon;
				ASSETCATALOG_COMPILER_GLOBAL_ACCENT_COLOR_NAME = AccentColor;
				CODE_SIGN_STYLE = Automatic;
				CURRENT_PROJECT_VERSION = 1;
				DEVELOPMENT_TEAM = Q2N9JMQ98Q;
				GENERATE_INFOPLIST_FILE = YES;
				INFOPLIST_FILE = "Homework 15/Info.plist";
				INFOPLIST_KEY_UIApplicationSupportsIndirectInputEvents = YES;
				INFOPLIST_KEY_UILaunchStoryboardName = LaunchScreen;
				INFOPLIST_KEY_UISupportedInterfaceOrientations_iPad = "UIInterfaceOrientationPortrait UIInterfaceOrientationPortraitUpsideDown UIInterfaceOrientationLandscapeLeft UIInterfaceOrientationLandscapeRight";
				INFOPLIST_KEY_UISupportedInterfaceOrientations_iPhone = "UIInterfaceOrientationPortrait UIInterfaceOrientationLandscapeLeft UIInterfaceOrientationLandscapeRight";
				LD_RUNPATH_SEARCH_PATHS = (
					"$(inherited)",
					"@executable_path/Frameworks",
				);
				MARKETING_VERSION = 1.0;
				PRODUCT_BUNDLE_IDENTIFIER = "-.Homework-15";
				PRODUCT_NAME = "$(TARGET_NAME)";
				SWIFT_EMIT_LOC_STRINGS = YES;
				SWIFT_VERSION = 5.0;
				TARGETED_DEVICE_FAMILY = "1,2";
			};
			name = Release;
		};
/* End XCBuildConfiguration section */

/* Begin XCConfigurationList section */
		3A26FAB22BC6A1D70055AAC1 /* Build configuration list for PBXProject "Homework 15" */ = {
			isa = XCConfigurationList;
			buildConfigurations = (
				3A26FAC92BC6A1E00055AAC1 /* Debug */,
				3A26FACA2BC6A1E00055AAC1 /* Release */,
			);
			defaultConfigurationIsVisible = 0;
			defaultConfigurationName = Release;
		};
		3A26FACB2BC6A1E00055AAC1 /* Build configuration list for PBXNativeTarget "Homework 15" */ = {
			isa = XCConfigurationList;
			buildConfigurations = (
				3A26FACC2BC6A1E00055AAC1 /* Debug */,
				3A26FACD2BC6A1E00055AAC1 /* Release */,
			);
			defaultConfigurationIsVisible = 0;
			defaultConfigurationName = Release;
		};
/* End XCConfigurationList section */
	};
	rootObject = 3A26FAAF2BC6A1D70055AAC1 /* Project object */;
}
